// !$*UTF8*$!
{
	archiveVersion = 1;
	classes = {
	};
	objectVersion = 56;
	objects = {

/* Begin PBXBuildFile section */
		F60B9D6E2B0AF5F70036AA1B /* UIColor.swift in Sources */ = {isa = PBXBuildFile; fileRef = F60B9D6D2B0AF5F70036AA1B /* UIColor.swift */; };
		F60B9D702B0B04CC0036AA1B /* GameViewController.swift in Sources */ = {isa = PBXBuildFile; fileRef = F60B9D6F2B0B04CC0036AA1B /* GameViewController.swift */; };
		F60B9D722B0BA0520036AA1B /* UIBarButtonItem.swift in Sources */ = {isa = PBXBuildFile; fileRef = F60B9D712B0BA0520036AA1B /* UIBarButtonItem.swift */; };
		F60B9D742B0C9D740036AA1B /* AbilityButton.swift in Sources */ = {isa = PBXBuildFile; fileRef = F60B9D732B0C9D740036AA1B /* AbilityButton.swift */; };
		F60B9D762B0CA85A0036AA1B /* NumberButton.swift in Sources */ = {isa = PBXBuildFile; fileRef = F60B9D752B0CA85A0036AA1B /* NumberButton.swift */; };
		F60B9D792B0DD1EB0036AA1B /* Networking.swift in Sources */ = {isa = PBXBuildFile; fileRef = F60B9D782B0DD1EB0036AA1B /* Networking.swift */; };
		F60B9D7B2B0DD22E0036AA1B /* NetworkingError.swift in Sources */ = {isa = PBXBuildFile; fileRef = F60B9D7A2B0DD22E0036AA1B /* NetworkingError.swift */; };
		F60B9D7E2B0DD2670036AA1B /* SudokuDataDTO.swift in Sources */ = {isa = PBXBuildFile; fileRef = F60B9D7D2B0DD2670036AA1B /* SudokuDataDTO.swift */; };
		F60B9D802B0DD2800036AA1B /* SudokuBoardDTO.swift in Sources */ = {isa = PBXBuildFile; fileRef = F60B9D7F2B0DD2800036AA1B /* SudokuBoardDTO.swift */; };
		F60B9D822B0DD2B00036AA1B /* SudokuData.swift in Sources */ = {isa = PBXBuildFile; fileRef = F60B9D812B0DD2B00036AA1B /* SudokuData.swift */; };
		F60B9D842B0DD3030036AA1B /* GameDifficulty.swift in Sources */ = {isa = PBXBuildFile; fileRef = F60B9D832B0DD3030036AA1B /* GameDifficulty.swift */; };
		F60B9D862B0DEAED0036AA1B /* InformationView.swift in Sources */ = {isa = PBXBuildFile; fileRef = F60B9D852B0DEAED0036AA1B /* InformationView.swift */; };
		F60BB9412B031BD9005137FE /* AppDelegate.swift in Sources */ = {isa = PBXBuildFile; fileRef = F60BB9402B031BD9005137FE /* AppDelegate.swift */; };
		F60BB9432B031BD9005137FE /* SceneDelegate.swift in Sources */ = {isa = PBXBuildFile; fileRef = F60BB9422B031BD9005137FE /* SceneDelegate.swift */; };
		F60BB9452B031BD9005137FE /* HomeViewController.swift in Sources */ = {isa = PBXBuildFile; fileRef = F60BB9442B031BD9005137FE /* HomeViewController.swift */; };
		F60BB94A2B031BDA005137FE /* Assets.xcassets in Resources */ = {isa = PBXBuildFile; fileRef = F60BB9492B031BDA005137FE /* Assets.xcassets */; };
		F60BB94D2B031BDA005137FE /* LaunchScreen.storyboard in Resources */ = {isa = PBXBuildFile; fileRef = F60BB94B2B031BDA005137FE /* LaunchScreen.storyboard */; };
		F60BB9562B031F34005137FE /* GameButton.swift in Sources */ = {isa = PBXBuildFile; fileRef = F60BB9552B031F34005137FE /* GameButton.swift */; };
		F60BB9592B0321D6005137FE /* TimeInterval.swift in Sources */ = {isa = PBXBuildFile; fileRef = F60BB9582B0321D6005137FE /* TimeInterval.swift */; };
/* End PBXBuildFile section */

/* Begin PBXFileReference section */
		F60B9D6D2B0AF5F70036AA1B /* UIColor.swift */ = {isa = PBXFileReference; lastKnownFileType = sourcecode.swift; path = UIColor.swift; sourceTree = "<group>"; };
		F60B9D6F2B0B04CC0036AA1B /* GameViewController.swift */ = {isa = PBXFileReference; lastKnownFileType = sourcecode.swift; path = GameViewController.swift; sourceTree = "<group>"; };
		F60B9D712B0BA0520036AA1B /* UIBarButtonItem.swift */ = {isa = PBXFileReference; lastKnownFileType = sourcecode.swift; path = UIBarButtonItem.swift; sourceTree = "<group>"; };
		F60B9D732B0C9D740036AA1B /* AbilityButton.swift */ = {isa = PBXFileReference; lastKnownFileType = sourcecode.swift; path = AbilityButton.swift; sourceTree = "<group>"; };
		F60B9D752B0CA85A0036AA1B /* NumberButton.swift */ = {isa = PBXFileReference; lastKnownFileType = sourcecode.swift; path = NumberButton.swift; sourceTree = "<group>"; };
		F60B9D782B0DD1EB0036AA1B /* Networking.swift */ = {isa = PBXFileReference; lastKnownFileType = sourcecode.swift; path = Networking.swift; sourceTree = "<group>"; };
		F60B9D7A2B0DD22E0036AA1B /* NetworkingError.swift */ = {isa = PBXFileReference; lastKnownFileType = sourcecode.swift; path = NetworkingError.swift; sourceTree = "<group>"; };
		F60B9D7D2B0DD2670036AA1B /* SudokuDataDTO.swift */ = {isa = PBXFileReference; lastKnownFileType = sourcecode.swift; path = SudokuDataDTO.swift; sourceTree = "<group>"; };
		F60B9D7F2B0DD2800036AA1B /* SudokuBoardDTO.swift */ = {isa = PBXFileReference; lastKnownFileType = sourcecode.swift; path = SudokuBoardDTO.swift; sourceTree = "<group>"; };
		F60B9D812B0DD2B00036AA1B /* SudokuData.swift */ = {isa = PBXFileReference; lastKnownFileType = sourcecode.swift; path = SudokuData.swift; sourceTree = "<group>"; };
		F60B9D832B0DD3030036AA1B /* GameDifficulty.swift */ = {isa = PBXFileReference; lastKnownFileType = sourcecode.swift; path = GameDifficulty.swift; sourceTree = "<group>"; };
		F60B9D852B0DEAED0036AA1B /* InformationView.swift */ = {isa = PBXFileReference; lastKnownFileType = sourcecode.swift; path = InformationView.swift; sourceTree = "<group>"; };
		F60BB93D2B031BD9005137FE /* Sudoku.app */ = {isa = PBXFileReference; explicitFileType = wrapper.application; includeInIndex = 0; path = Sudoku.app; sourceTree = BUILT_PRODUCTS_DIR; };
		F60BB9402B031BD9005137FE /* AppDelegate.swift */ = {isa = PBXFileReference; lastKnownFileType = sourcecode.swift; path = AppDelegate.swift; sourceTree = "<group>"; };
		F60BB9422B031BD9005137FE /* SceneDelegate.swift */ = {isa = PBXFileReference; lastKnownFileType = sourcecode.swift; path = SceneDelegate.swift; sourceTree = "<group>"; };
		F60BB9442B031BD9005137FE /* HomeViewController.swift */ = {isa = PBXFileReference; lastKnownFileType = sourcecode.swift; path = HomeViewController.swift; sourceTree = "<group>"; };
		F60BB9492B031BDA005137FE /* Assets.xcassets */ = {isa = PBXFileReference; lastKnownFileType = folder.assetcatalog; path = Assets.xcassets; sourceTree = "<group>"; };
		F60BB94C2B031BDA005137FE /* Base */ = {isa = PBXFileReference; lastKnownFileType = file.storyboard; name = Base; path = Base.lproj/LaunchScreen.storyboard; sourceTree = "<group>"; };
		F60BB94E2B031BDA005137FE /* Info.plist */ = {isa = PBXFileReference; lastKnownFileType = text.plist.xml; path = Info.plist; sourceTree = "<group>"; };
		F60BB9552B031F34005137FE /* GameButton.swift */ = {isa = PBXFileReference; lastKnownFileType = sourcecode.swift; path = GameButton.swift; sourceTree = "<group>"; };
		F60BB9582B0321D6005137FE /* TimeInterval.swift */ = {isa = PBXFileReference; lastKnownFileType = sourcecode.swift; path = TimeInterval.swift; sourceTree = "<group>"; };
/* End PBXFileReference section */

/* Begin PBXFrameworksBuildPhase section */
		F60BB93A2B031BD9005137FE /* Frameworks */ = {
			isa = PBXFrameworksBuildPhase;
			buildActionMask = 2147483647;
			files = (
			);
			runOnlyForDeploymentPostprocessing = 0;
		};
/* End PBXFrameworksBuildPhase section */

/* Begin PBXGroup section */
		F60B9D772B0DD1BD0036AA1B /* Model */ = {
			isa = PBXGroup;
			children = (
				F60B9D7C2B0DD2460036AA1B /* DTO */,
				F60B9D782B0DD1EB0036AA1B /* Networking.swift */,
				F60B9D7A2B0DD22E0036AA1B /* NetworkingError.swift */,
				F60B9D832B0DD3030036AA1B /* GameDifficulty.swift */,
			);
			path = Model;
			sourceTree = "<group>";
		};
		F60B9D7C2B0DD2460036AA1B /* DTO */ = {
			isa = PBXGroup;
			children = (
				F60B9D7D2B0DD2670036AA1B /* SudokuDataDTO.swift */,
				F60B9D7F2B0DD2800036AA1B /* SudokuBoardDTO.swift */,
				F60B9D812B0DD2B00036AA1B /* SudokuData.swift */,
			);
			path = DTO;
			sourceTree = "<group>";
		};
		F60BB9342B031BD9005137FE = {
			isa = PBXGroup;
			children = (
				F60BB93F2B031BD9005137FE /* Sudoku */,
				F60BB93E2B031BD9005137FE /* Products */,
			);
			sourceTree = "<group>";
		};
		F60BB93E2B031BD9005137FE /* Products */ = {
			isa = PBXGroup;
			children = (
				F60BB93D2B031BD9005137FE /* Sudoku.app */,
			);
			name = Products;
			sourceTree = "<group>";
		};
		F60BB93F2B031BD9005137FE /* Sudoku */ = {
			isa = PBXGroup;
			children = (
				F60B9D772B0DD1BD0036AA1B /* Model */,
				F60BB9572B0321C4005137FE /* Extension */,
				F60BB9542B031F22005137FE /* View */,
				F60BB9402B031BD9005137FE /* AppDelegate.swift */,
				F60BB9422B031BD9005137FE /* SceneDelegate.swift */,
				F60BB9442B031BD9005137FE /* HomeViewController.swift */,
				F60B9D6F2B0B04CC0036AA1B /* GameViewController.swift */,
				F60BB9492B031BDA005137FE /* Assets.xcassets */,
				F60BB94B2B031BDA005137FE /* LaunchScreen.storyboard */,
				F60BB94E2B031BDA005137FE /* Info.plist */,
			);
			path = Sudoku;
			sourceTree = "<group>";
		};
		F60BB9542B031F22005137FE /* View */ = {
			isa = PBXGroup;
			children = (
				F60BB9552B031F34005137FE /* GameButton.swift */,
				F60B9D732B0C9D740036AA1B /* AbilityButton.swift */,
				F60B9D752B0CA85A0036AA1B /* NumberButton.swift */,
				F60B9D852B0DEAED0036AA1B /* InformationView.swift */,
			);
			path = View;
			sourceTree = "<group>";
		};
		F60BB9572B0321C4005137FE /* Extension */ = {
			isa = PBXGroup;
			children = (
				F60BB9582B0321D6005137FE /* TimeInterval.swift */,
				F60B9D6D2B0AF5F70036AA1B /* UIColor.swift */,
				F60B9D712B0BA0520036AA1B /* UIBarButtonItem.swift */,
			);
			path = Extension;
			sourceTree = "<group>";
		};
/* End PBXGroup section */

/* Begin PBXNativeTarget section */
		F60BB93C2B031BD9005137FE /* Sudoku */ = {
			isa = PBXNativeTarget;
			buildConfigurationList = F60BB9512B031BDA005137FE /* Build configuration list for PBXNativeTarget "Sudoku" */;
			buildPhases = (
				F60BB9392B031BD9005137FE /* Sources */,
				F60BB93A2B031BD9005137FE /* Frameworks */,
				F60BB93B2B031BD9005137FE /* Resources */,
			);
			buildRules = (
			);
			dependencies = (
			);
			name = Sudoku;
			productName = Sudoku;
			productReference = F60BB93D2B031BD9005137FE /* Sudoku.app */;
			productType = "com.apple.product-type.application";
		};
/* End PBXNativeTarget section */

/* Begin PBXProject section */
		F60BB9352B031BD9005137FE /* Project object */ = {
			isa = PBXProject;
			attributes = {
				BuildIndependentTargetsInParallel = 1;
				LastSwiftUpdateCheck = 1500;
				LastUpgradeCheck = 1500;
				TargetAttributes = {
					F60BB93C2B031BD9005137FE = {
						CreatedOnToolsVersion = 15.0.1;
					};
				};
			};
			buildConfigurationList = F60BB9382B031BD9005137FE /* Build configuration list for PBXProject "Sudoku" */;
			compatibilityVersion = "Xcode 14.0";
			developmentRegion = en;
			hasScannedForEncodings = 0;
			knownRegions = (
				en,
				Base,
			);
			mainGroup = F60BB9342B031BD9005137FE;
			productRefGroup = F60BB93E2B031BD9005137FE /* Products */;
			projectDirPath = "";
			projectRoot = "";
			targets = (
				F60BB93C2B031BD9005137FE /* Sudoku */,
			);
		};
/* End PBXProject section */

/* Begin PBXResourcesBuildPhase section */
		F60BB93B2B031BD9005137FE /* Resources */ = {
			isa = PBXResourcesBuildPhase;
			buildActionMask = 2147483647;
			files = (
				F60BB94D2B031BDA005137FE /* LaunchScreen.storyboard in Resources */,
				F60BB94A2B031BDA005137FE /* Assets.xcassets in Resources */,
			);
			runOnlyForDeploymentPostprocessing = 0;
		};
/* End PBXResourcesBuildPhase section */

/* Begin PBXSourcesBuildPhase section */
		F60BB9392B031BD9005137FE /* Sources */ = {
			isa = PBXSourcesBuildPhase;
			buildActionMask = 2147483647;
			files = (
				F60B9D702B0B04CC0036AA1B /* GameViewController.swift in Sources */,
				F60B9D792B0DD1EB0036AA1B /* Networking.swift in Sources */,
				F60BB9452B031BD9005137FE /* HomeViewController.swift in Sources */,
				F60B9D6E2B0AF5F70036AA1B /* UIColor.swift in Sources */,
				F60B9D7E2B0DD2670036AA1B /* SudokuDataDTO.swift in Sources */,
				F60BB9592B0321D6005137FE /* TimeInterval.swift in Sources */,
				F60B9D742B0C9D740036AA1B /* AbilityButton.swift in Sources */,
				F60BB9562B031F34005137FE /* GameButton.swift in Sources */,
				F60BB9412B031BD9005137FE /* AppDelegate.swift in Sources */,
				F60B9D822B0DD2B00036AA1B /* SudokuData.swift in Sources */,
				F60B9D802B0DD2800036AA1B /* SudokuBoardDTO.swift in Sources */,
				F60B9D722B0BA0520036AA1B /* UIBarButtonItem.swift in Sources */,
				F60B9D842B0DD3030036AA1B /* GameDifficulty.swift in Sources */,
				F60B9D762B0CA85A0036AA1B /* NumberButton.swift in Sources */,
				F60B9D862B0DEAED0036AA1B /* InformationView.swift in Sources */,
				F60B9D7B2B0DD22E0036AA1B /* NetworkingError.swift in Sources */,
				F60BB9432B031BD9005137FE /* SceneDelegate.swift in Sources */,
			);
			runOnlyForDeploymentPostprocessing = 0;
		};
/* End PBXSourcesBuildPhase section */

/* Begin PBXVariantGroup section */
		F60BB94B2B031BDA005137FE /* LaunchScreen.storyboard */ = {
			isa = PBXVariantGroup;
			children = (
				F60BB94C2B031BDA005137FE /* Base */,
			);
			name = LaunchScreen.storyboard;
			sourceTree = "<group>";
		};
/* End PBXVariantGroup section */

/* Begin XCBuildConfiguration section */
		F60BB94F2B031BDA005137FE /* Debug */ = {
			isa = XCBuildConfiguration;
			buildSettings = {
				ALWAYS_SEARCH_USER_PATHS = NO;
				ASSETCATALOG_COMPILER_GENERATE_SWIFT_ASSET_SYMBOL_EXTENSIONS = YES;
				CLANG_ANALYZER_NONNULL = YES;
				CLANG_ANALYZER_NUMBER_OBJECT_CONVERSION = YES_AGGRESSIVE;
				CLANG_CXX_LANGUAGE_STANDARD = "gnu++20";
				CLANG_ENABLE_MODULES = YES;
				CLANG_ENABLE_OBJC_ARC = YES;
				CLANG_ENABLE_OBJC_WEAK = YES;
				CLANG_WARN_BLOCK_CAPTURE_AUTORELEASING = YES;
				CLANG_WARN_BOOL_CONVERSION = YES;
				CLANG_WARN_COMMA = YES;
				CLANG_WARN_CONSTANT_CONVERSION = YES;
				CLANG_WARN_DEPRECATED_OBJC_IMPLEMENTATIONS = YES;
				CLANG_WARN_DIRECT_OBJC_ISA_USAGE = YES_ERROR;
				CLANG_WARN_DOCUMENTATION_COMMENTS = YES;
				CLANG_WARN_EMPTY_BODY = YES;
				CLANG_WARN_ENUM_CONVERSION = YES;
				CLANG_WARN_INFINITE_RECURSION = YES;
				CLANG_WARN_INT_CONVERSION = YES;
				CLANG_WARN_NON_LITERAL_NULL_CONVERSION = YES;
				CLANG_WARN_OBJC_IMPLICIT_RETAIN_SELF = YES;
				CLANG_WARN_OBJC_LITERAL_CONVERSION = YES;
				CLANG_WARN_OBJC_ROOT_CLASS = YES_ERROR;
				CLANG_WARN_QUOTED_INCLUDE_IN_FRAMEWORK_HEADER = YES;
				CLANG_WARN_RANGE_LOOP_ANALYSIS = YES;
				CLANG_WARN_STRICT_PROTOTYPES = YES;
				CLANG_WARN_SUSPICIOUS_MOVE = YES;
				CLANG_WARN_UNGUARDED_AVAILABILITY = YES_AGGRESSIVE;
				CLANG_WARN_UNREACHABLE_CODE = YES;
				CLANG_WARN__DUPLICATE_METHOD_MATCH = YES;
				COPY_PHASE_STRIP = NO;
				DEBUG_INFORMATION_FORMAT = dwarf;
				ENABLE_STRICT_OBJC_MSGSEND = YES;
				ENABLE_TESTABILITY = YES;
				ENABLE_USER_SCRIPT_SANDBOXING = YES;
				GCC_C_LANGUAGE_STANDARD = gnu17;
				GCC_DYNAMIC_NO_PIC = NO;
				GCC_NO_COMMON_BLOCKS = YES;
				GCC_OPTIMIZATION_LEVEL = 0;
				GCC_PREPROCESSOR_DEFINITIONS = (
					"DEBUG=1",
					"$(inherited)",
				);
				GCC_WARN_64_TO_32_BIT_CONVERSION = YES;
				GCC_WARN_ABOUT_RETURN_TYPE = YES_ERROR;
				GCC_WARN_UNDECLARED_SELECTOR = YES;
				GCC_WARN_UNINITIALIZED_AUTOS = YES_AGGRESSIVE;
				GCC_WARN_UNUSED_FUNCTION = YES;
				GCC_WARN_UNUSED_VARIABLE = YES;
				IPHONEOS_DEPLOYMENT_TARGET = 15.0;
				LOCALIZATION_PREFERS_STRING_CATALOGS = YES;
				MTL_ENABLE_DEBUG_INFO = INCLUDE_SOURCE;
				MTL_FAST_MATH = YES;
				ONLY_ACTIVE_ARCH = YES;
				SDKROOT = iphoneos;
				SWIFT_ACTIVE_COMPILATION_CONDITIONS = "DEBUG $(inherited)";
				SWIFT_OPTIMIZATION_LEVEL = "-Onone";
			};
			name = Debug;
		};
		F60BB9502B031BDA005137FE /* Release */ = {
			isa = XCBuildConfiguration;
			buildSettings = {
				ALWAYS_SEARCH_USER_PATHS = NO;
				ASSETCATALOG_COMPILER_GENERATE_SWIFT_ASSET_SYMBOL_EXTENSIONS = YES;
				CLANG_ANALYZER_NONNULL = YES;
				CLANG_ANALYZER_NUMBER_OBJECT_CONVERSION = YES_AGGRESSIVE;
				CLANG_CXX_LANGUAGE_STANDARD = "gnu++20";
				CLANG_ENABLE_MODULES = YES;
				CLANG_ENABLE_OBJC_ARC = YES;
				CLANG_ENABLE_OBJC_WEAK = YES;
				CLANG_WARN_BLOCK_CAPTURE_AUTORELEASING = YES;
				CLANG_WARN_BOOL_CONVERSION = YES;
				CLANG_WARN_COMMA = YES;
				CLANG_WARN_CONSTANT_CONVERSION = YES;
				CLANG_WARN_DEPRECATED_OBJC_IMPLEMENTATIONS = YES;
				CLANG_WARN_DIRECT_OBJC_ISA_USAGE = YES_ERROR;
				CLANG_WARN_DOCUMENTATION_COMMENTS = YES;
				CLANG_WARN_EMPTY_BODY = YES;
				CLANG_WARN_ENUM_CONVERSION = YES;
				CLANG_WARN_INFINITE_RECURSION = YES;
				CLANG_WARN_INT_CONVERSION = YES;
				CLANG_WARN_NON_LITERAL_NULL_CONVERSION = YES;
				CLANG_WARN_OBJC_IMPLICIT_RETAIN_SELF = YES;
				CLANG_WARN_OBJC_LITERAL_CONVERSION = YES;
				CLANG_WARN_OBJC_ROOT_CLASS = YES_ERROR;
				CLANG_WARN_QUOTED_INCLUDE_IN_FRAMEWORK_HEADER = YES;
				CLANG_WARN_RANGE_LOOP_ANALYSIS = YES;
				CLANG_WARN_STRICT_PROTOTYPES = YES;
				CLANG_WARN_SUSPICIOUS_MOVE = YES;
				CLANG_WARN_UNGUARDED_AVAILABILITY = YES_AGGRESSIVE;
				CLANG_WARN_UNREACHABLE_CODE = YES;
				CLANG_WARN__DUPLICATE_METHOD_MATCH = YES;
				COPY_PHASE_STRIP = NO;
				DEBUG_INFORMATION_FORMAT = "dwarf-with-dsym";
				ENABLE_NS_ASSERTIONS = NO;
				ENABLE_STRICT_OBJC_MSGSEND = YES;
				ENABLE_USER_SCRIPT_SANDBOXING = YES;
				GCC_C_LANGUAGE_STANDARD = gnu17;
				GCC_NO_COMMON_BLOCKS = YES;
				GCC_WARN_64_TO_32_BIT_CONVERSION = YES;
				GCC_WARN_ABOUT_RETURN_TYPE = YES_ERROR;
				GCC_WARN_UNDECLARED_SELECTOR = YES;
				GCC_WARN_UNINITIALIZED_AUTOS = YES_AGGRESSIVE;
				GCC_WARN_UNUSED_FUNCTION = YES;
				GCC_WARN_UNUSED_VARIABLE = YES;
				IPHONEOS_DEPLOYMENT_TARGET = 15.0;
				LOCALIZATION_PREFERS_STRING_CATALOGS = YES;
				MTL_ENABLE_DEBUG_INFO = NO;
				MTL_FAST_MATH = YES;
				SDKROOT = iphoneos;
				SWIFT_COMPILATION_MODE = wholemodule;
				VALIDATE_PRODUCT = YES;
			};
			name = Release;
		};
		F60BB9522B031BDA005137FE /* Debug */ = {
			isa = XCBuildConfiguration;
			buildSettings = {
				ASSETCATALOG_COMPILER_APPICON_NAME = AppIcon;
				ASSETCATALOG_COMPILER_GLOBAL_ACCENT_COLOR_NAME = AccentColor;
				CODE_SIGN_STYLE = Automatic;
				CURRENT_PROJECT_VERSION = 1;
				DEVELOPMENT_TEAM = UGA9SV6W29;
				GENERATE_INFOPLIST_FILE = YES;
				INFOPLIST_FILE = Sudoku/Info.plist;
				INFOPLIST_KEY_UIApplicationSupportsIndirectInputEvents = YES;
				INFOPLIST_KEY_UILaunchStoryboardName = LaunchScreen;
				INFOPLIST_KEY_UISupportedInterfaceOrientations = UIInterfaceOrientationPortrait;
				INFOPLIST_KEY_UISupportedInterfaceOrientations_iPad = "UIInterfaceOrientationLandscapeLeft UIInterfaceOrientationLandscapeRight UIInterfaceOrientationPortrait UIInterfaceOrientationPortraitUpsideDown";
				IPHONEOS_DEPLOYMENT_TARGET = 15.0;
				LD_RUNPATH_SEARCH_PATHS = (
					"$(inherited)",
					"@executable_path/Frameworks",
				);
				MARKETING_VERSION = 1.0;
				PRODUCT_BUNDLE_IDENTIFIER = ooj.Sudoku;
				PRODUCT_NAME = "$(TARGET_NAME)";
				SUPPORTED_PLATFORMS = "iphoneos iphonesimulator";
				SUPPORTS_MACCATALYST = NO;
				SUPPORTS_MAC_DESIGNED_FOR_IPHONE_IPAD = NO;
				SWIFT_EMIT_LOC_STRINGS = YES;
				SWIFT_VERSION = 5.0;
				TARGETED_DEVICE_FAMILY = 1;
			};
			name = Debug;
		};
		F60BB9532B031BDA005137FE /* Release */ = {
			isa = XCBuildConfiguration;
			buildSettings = {
				ASSETCATALOG_COMPILER_APPICON_NAME = AppIcon;
				ASSETCATALOG_COMPILER_GLOBAL_ACCENT_COLOR_NAME = AccentColor;
				CODE_SIGN_STYLE = Automatic;
				CURRENT_PROJECT_VERSION = 1;
				DEVELOPMENT_TEAM = UGA9SV6W29;
				GENERATE_INFOPLIST_FILE = YES;
				INFOPLIST_FILE = Sudoku/Info.plist;
				INFOPLIST_KEY_UIApplicationSupportsIndirectInputEvents = YES;
				INFOPLIST_KEY_UILaunchStoryboardName = LaunchScreen;
				INFOPLIST_KEY_UISupportedInterfaceOrientations = UIInterfaceOrientationPortrait;
				INFOPLIST_KEY_UISupportedInterfaceOrientations_iPad = "UIInterfaceOrientationLandscapeLeft UIInterfaceOrientationLandscapeRight UIInterfaceOrientationPortrait UIInterfaceOrientationPortraitUpsideDown";
				IPHONEOS_DEPLOYMENT_TARGET = 15.0;
				LD_RUNPATH_SEARCH_PATHS = (
					"$(inherited)",
					"@executable_path/Frameworks",
				);
				MARKETING_VERSION = 1.0;
				PRODUCT_BUNDLE_IDENTIFIER = ooj.Sudoku;
				PRODUCT_NAME = "$(TARGET_NAME)";
				SUPPORTED_PLATFORMS = "iphoneos iphonesimulator";
				SUPPORTS_MACCATALYST = NO;
				SUPPORTS_MAC_DESIGNED_FOR_IPHONE_IPAD = NO;
				SWIFT_EMIT_LOC_STRINGS = YES;
				SWIFT_VERSION = 5.0;
				TARGETED_DEVICE_FAMILY = 1;
			};
			name = Release;
		};
/* End XCBuildConfiguration section */

/* Begin XCConfigurationList section */
		F60BB9382B031BD9005137FE /* Build configuration list for PBXProject "Sudoku" */ = {
			isa = XCConfigurationList;
			buildConfigurations = (
				F60BB94F2B031BDA005137FE /* Debug */,
				F60BB9502B031BDA005137FE /* Release */,
			);
			defaultConfigurationIsVisible = 0;
			defaultConfigurationName = Release;
		};
		F60BB9512B031BDA005137FE /* Build configuration list for PBXNativeTarget "Sudoku" */ = {
			isa = XCConfigurationList;
			buildConfigurations = (
				F60BB9522B031BDA005137FE /* Debug */,
				F60BB9532B031BDA005137FE /* Release */,
			);
			defaultConfigurationIsVisible = 0;
			defaultConfigurationName = Release;
		};
/* End XCConfigurationList section */
	};
	rootObject = F60BB9352B031BD9005137FE /* Project object */;
}
